// !$*UTF8*$!
{
	archiveVersion = 1;
	classes = {
	};
	objectVersion = 77;
	objects = {

/* Begin PBXBuildFile section */
		02CD2499DE0F8F28F38EDA24 /* PalateBloomAvatar.swift in Sources */ = {isa = PBXBuildFile; fileRef = 8993F541A9EF7D9AACCA1683 /* PalateBloomAvatar.swift */; };
		0D37088E45B49265366FADC6 /* BackendConfiguration.swift in Sources */ = {isa = PBXBuildFile; fileRef = 165982BAF0AC97708BD16954 /* BackendConfiguration.swift */; };
		0FB2C57CD4C3023CF6AD0AED /* HomeView.swift in Sources */ = {isa = PBXBuildFile; fileRef = EC60E87FE0A09550F80114AE /* HomeView.swift */; };
		1096287E849DED5CA20FFD5B /* RestaurantModels.swift in Sources */ = {isa = PBXBuildFile; fileRef = 25278C28794B0DA6AB0C0936 /* RestaurantModels.swift */; };
		144872B135E3BED0A7212EFE /* TasteContractGoldenTests.swift in Sources */ = {isa = PBXBuildFile; fileRef = 0C556260CD56CE5508A071FC /* TasteContractGoldenTests.swift */; };
		19CF246C391C193EE3E24274 /* onboarding_render_3.png in Resources */ = {isa = PBXBuildFile; fileRef = 6CBB51EEE7F364B4D8D44DA5 /* onboarding_render_3.png */; };
		1EE23A2656F66A172EE974E2 /* PreferenceIntakeFlowView.swift in Sources */ = {isa = PBXBuildFile; fileRef = 299CBB172BB9DD7A45AC8152 /* PreferenceIntakeFlowView.swift */; };
		2061C7A32543EDCCF5D80A6F /* PreferenceIntakeContractEngine.swift in Sources */ = {isa = PBXBuildFile; fileRef = 707A0EA80C859E46424A512E /* PreferenceIntakeContractEngine.swift */; };
		20BF8429AA06525406C3CAB5 /* PreferenceIntakeContractModels.swift in Sources */ = {isa = PBXBuildFile; fileRef = C8236E5FF5BF53E69783272E /* PreferenceIntakeContractModels.swift */; };
		2493D0E2453CA3E746896955 /* ProfileResultView.swift in Sources */ = {isa = PBXBuildFile; fileRef = 5FAE22F295FDD372876B0F73 /* ProfileResultView.swift */; };
		2596DF0EA089B585C5879748 /* SystemParityComponentTests.swift in Sources */ = {isa = PBXBuildFile; fileRef = 8DCCD25AE6830EEF9D5BFA01 /* SystemParityComponentTests.swift */; };
		26CC6DBC5C6868F737D2AEF2 /* SessionController.swift in Sources */ = {isa = PBXBuildFile; fileRef = 6968C567D3992E322FDB98E7 /* SessionController.swift */; };
		31D801BC68376702C8A1F979 /* AnalysisView.swift in Sources */ = {isa = PBXBuildFile; fileRef = 271CCB49234022B594B97B87 /* AnalysisView.swift */; };
		3353AC80393649E95F37D94A /* RestaurantPlaceAPIClient.swift in Sources */ = {isa = PBXBuildFile; fileRef = 972940A3F99C394276DDD024 /* RestaurantPlaceAPIClient.swift */; };
		39FAB6487B1A8F56FBFB989F /* TBDesignColorTokens.swift in Sources */ = {isa = PBXBuildFile; fileRef = F9BDC6A9C0B316BB4107C906 /* TBDesignColorTokens.swift */; };
		3B14BD3C99A7F3A5E3DB2D42 /* QuickCalibrationContractEngine.swift in Sources */ = {isa = PBXBuildFile; fileRef = 1F8A5FF1A003F69B12D1D603 /* QuickCalibrationContractEngine.swift */; };
		3E445BF908C9858D4E332F0E /* TasteModels.swift in Sources */ = {isa = PBXBuildFile; fileRef = ED80C57ADB1168D4C45BE60C /* TasteModels.swift */; };
		40B36F22023B1ACDED1EEAB3 /* Pretendard-Bold.otf in Resources */ = {isa = PBXBuildFile; fileRef = 2F28594BB23EE55B51DC6607 /* Pretendard-Bold.otf */; };
		42A40726B3808027C6EF400C /* TasteContractModels.swift in Sources */ = {isa = PBXBuildFile; fileRef = 0339FA6EB6B2A6442B4E5470 /* TasteContractModels.swift */; };
		473CC960FE9C80516C16B602 /* AppChromeComponents.swift in Sources */ = {isa = PBXBuildFile; fileRef = 0407AA73CECE5A105C204BF9 /* AppChromeComponents.swift */; };
		4ABD96C465393A6DD28B74C5 /* TasteSurveyScoringEngine.swift in Sources */ = {isa = PBXBuildFile; fileRef = 0C72D55438B5084E29B0C46B /* TasteSurveyScoringEngine.swift */; };
		4B7D46F9F6941CF82B7CD258 /* TasteSurveyContractModels.swift in Sources */ = {isa = PBXBuildFile; fileRef = 66EA9D5752E6785C160448D5 /* TasteSurveyContractModels.swift */; };
		4FB79DECD540AD816CEF966F /* TasteBuddyAgentContractModels.swift in Sources */ = {isa = PBXBuildFile; fileRef = 9AFA9B3031BA22AEF4F9A30B /* TasteBuddyAgentContractModels.swift */; };
		5039170C5BED1A064B064106 /* OnboardingView.swift in Sources */ = {isa = PBXBuildFile; fileRef = CF9AF7FC3DD3169225CEB166 /* OnboardingView.swift */; };
		525EF5BE1D7CABA384470F27 /* AuthEntryView.swift in Sources */ = {isa = PBXBuildFile; fileRef = 1B2E29BFDC69DD0B99E642B2 /* AuthEntryView.swift */; };
		596161A732A42DC48A6B442F /* onboarding_render_2.png in Resources */ = {isa = PBXBuildFile; fileRef = 654CDCCC5C3501C44A663769 /* onboarding_render_2.png */; };
		5BA77DBAD3A7314A7FE00FF9 /* KangMingoo.png in Resources */ = {isa = PBXBuildFile; fileRef = C3ABC5F38F90B9F4EB9AB1FC /* KangMingoo.png */; };
		5FC55B0228A53D8F46FC67A3 /* AppPhase.swift in Sources */ = {isa = PBXBuildFile; fileRef = C6276760A70198EEE1BB03BD /* AppPhase.swift */; };
		6285D92488F760AFB763DE53 /* SplashView.swift in Sources */ = {isa = PBXBuildFile; fileRef = E7D14867A4F140B27A230794 /* SplashView.swift */; };
		637D0F032CDC71018082FEED /* Supabase in Frameworks */ = {isa = PBXBuildFile; productRef = 1E9D96C68259017AB583399E /* Supabase */; };
		685A10211DCFC0B07D685046 /* SystemParityComponents.swift in Sources */ = {isa = PBXBuildFile; fileRef = 6032BAAF406EBAB87F2B9A9B /* SystemParityComponents.swift */; };
		6F480C9447E25816E7A98C0F /* CalibrationFlowView.swift in Sources */ = {isa = PBXBuildFile; fileRef = 4A227DA0878C66E3D037888F /* CalibrationFlowView.swift */; };
		7240E69AE0EF0CF787576ECC /* dining-feedback-scenario.json in Resources */ = {isa = PBXBuildFile; fileRef = 405C07DABEF65BE54901E1AE /* dining-feedback-scenario.json */; };
		7A10726E1185FFA43409A1D2 /* Assets.xcassets in Resources */ = {isa = PBXBuildFile; fileRef = 38B55D2D2377C0B51ADA3CEC /* Assets.xcassets */; };
		7B740B1507F60570047959FB /* TasteBuddyApp.swift in Sources */ = {isa = PBXBuildFile; fileRef = AF3F689A6462A9519F1CEDCD /* TasteBuddyApp.swift */; };
		7D331DECCAD2ADD44E175514 /* TBComponents.swift in Sources */ = {isa = PBXBuildFile; fileRef = 815E7C1932791B7E998DF0B5 /* TBComponents.swift */; };
		7D398BB90E03DEBE96279A8F /* AppNavigation.swift in Sources */ = {isa = PBXBuildFile; fileRef = 77560528F97BB68A5D6F82CF /* AppNavigation.swift */; };
		86C22CACB6C573283443CD82 /* onboarding_render_4.png in Resources */ = {isa = PBXBuildFile; fileRef = E842696EAA914DDC7B8BC6DB /* onboarding_render_4.png */; };
		86D40577E2255928F7E934C3 /* CalibrationEngineTests.swift in Sources */ = {isa = PBXBuildFile; fileRef = 8A933DCD5B7447867EC1BBCD /* CalibrationEngineTests.swift */; };
		873B3E313138DE977CF17921 /* Pretendard-Medium.otf in Resources */ = {isa = PBXBuildFile; fileRef = B917845974FD8A8819709546 /* Pretendard-Medium.otf */; };
		88E529E7C333E85C112DB960 /* DesignSystemPreviewView.swift in Sources */ = {isa = PBXBuildFile; fileRef = FCB74E266F2F1EF4B4F2EBCB /* DesignSystemPreviewView.swift */; };
		90A6C8C4B307BD5DCFD7E7C6 /* RestaurantDetailModels.swift in Sources */ = {isa = PBXBuildFile; fileRef = C5466F7BB5FB8298DA0CC990 /* RestaurantDetailModels.swift */; };
		94AAFE6D216DC156ADEA7BEB /* LeeEunji.png in Resources */ = {isa = PBXBuildFile; fileRef = 1F17A541C38E070519D7B1EB /* LeeEunji.png */; };
		9A9255CECF092C2133139CD7 /* taste-survey-golden.json in Resources */ = {isa = PBXBuildFile; fileRef = C2D153EDACAD1EB569EBFE8D /* taste-survey-golden.json */; };
		9B00DB148C0243E19AE1E344 /* Pretendard-SemiBold.otf in Resources */ = {isa = PBXBuildFile; fileRef = 43385E4A64879AB4C5AC32A4 /* Pretendard-SemiBold.otf */; };
		9F87A513CC4426C16694CD03 /* DiningView.swift in Sources */ = {isa = PBXBuildFile; fileRef = AF87310122F81A81CA8C0086 /* DiningView.swift */; };
		A1AC68D37953C061240C6525 /* AppPhaseTests.swift in Sources */ = {isa = PBXBuildFile; fileRef = 8A0FBED26DED064093056026 /* AppPhaseTests.swift */; };
		A3E2261F52A444DB3D766774 /* onboarding_render_1.png in Resources */ = {isa = PBXBuildFile; fileRef = 06A08F9100C47A8485B6452C /* onboarding_render_1.png */; };
		A493D282D5653D2575063FA8 /* TBDesignFoundationTokens.swift in Sources */ = {isa = PBXBuildFile; fileRef = EF66F7EEEA4B499D9BB55CAA /* TBDesignFoundationTokens.swift */; };
		A92A5F54ADF10DB4D7735EDD /* AppModelPersistenceTests.swift in Sources */ = {isa = PBXBuildFile; fileRef = DF07C4BA880F9227790D2407 /* AppModelPersistenceTests.swift */; };
		AA67D50AA1E4B8DDC138140D /* DiningFeedbackContractModels.swift in Sources */ = {isa = PBXBuildFile; fileRef = DED8C2836CDC2913C4922B87 /* DiningFeedbackContractModels.swift */; };
		AE8BA02385DA0E6483AABC50 /* OnjiumChefs.png in Resources */ = {isa = PBXBuildFile; fileRef = F91C9D342A693D1E2578CCB9 /* OnjiumChefs.png */; };
		B4705F9B20C206E6BCF8F358 /* TBTheme.swift in Sources */ = {isa = PBXBuildFile; fileRef = B217BDC0E560B5AF9EBDAFB2 /* TBTheme.swift */; };
		B6A07C0197ACFA213433BCC0 /* ProfileView.swift in Sources */ = {isa = PBXBuildFile; fileRef = 95F0E48B03AFDD3724522B0E /* ProfileView.swift */; };
		B73261F33E62B86478B476B4 /* SearchSystemComponents.swift in Sources */ = {isa = PBXBuildFile; fileRef = E99F21B8A110BF569AFC66B3 /* SearchSystemComponents.swift */; };
		B9A01DAB15AF31561942CA1E /* RestaurantDetailRouteView.swift in Sources */ = {isa = PBXBuildFile; fileRef = 48874CE71BD30EF3CA90A482 /* RestaurantDetailRouteView.swift */; };
		BA4051755A6A5EFC0411517E /* TasteBuddyAgentEngine.swift in Sources */ = {isa = PBXBuildFile; fileRef = E5EE872EC659816958E80D2E /* TasteBuddyAgentEngine.swift */; };
		BC98F8A0E77338CFD362D5C8 /* CalibrationModels.swift in Sources */ = {isa = PBXBuildFile; fileRef = 9A5335B548DC231587577531 /* CalibrationModels.swift */; };
		C093AFC5A76C132619442CE0 /* tba-dining-analysis-golden.json in Resources */ = {isa = PBXBuildFile; fileRef = 99789CE7034024596EB1F4A0 /* tba-dining-analysis-golden.json */; };
		C356919D2D6B81A41D976366 /* HomeSearchModels.swift in Sources */ = {isa = PBXBuildFile; fileRef = 87BAC2F716755DB861406A0C /* HomeSearchModels.swift */; };
		C4BB16E19A004BE6A99AC0D8 /* HomeSearchEngineTests.swift in Sources */ = {isa = PBXBuildFile; fileRef = 059E477763679895089F8762 /* HomeSearchEngineTests.swift */; };
		C4D3BBC2CF1813E74C0851CB /* AppRouteDestinations.swift in Sources */ = {isa = PBXBuildFile; fileRef = 5C49F8752DF2008673767AA7 /* AppRouteDestinations.swift */; };
		C7952DDA75D93C148F386FA3 /* TasteRadarView.swift in Sources */ = {isa = PBXBuildFile; fileRef = 614E1C2DDC73936841A8FD89 /* TasteRadarView.swift */; };
		CAB81B90E3C274F5C4494679 /* LimJeongsik.png in Resources */ = {isa = PBXBuildFile; fileRef = 89A4CFFAF2EF946A120BA2CB /* LimJeongsik.png */; };
		D33DC30A6498F8D14E533615 /* SupabaseClientProvider.swift in Sources */ = {isa = PBXBuildFile; fileRef = D4ECA5CE1DD2A7B8EB34549F /* SupabaseClientProvider.swift */; };
		DB47B81A5179724DC9A8D167 /* DesignSystemFullComponents.swift in Sources */ = {isa = PBXBuildFile; fileRef = B793BA91CC35971A14D971DF /* DesignSystemFullComponents.swift */; };
		DBF63C5F85EE49A2EDA9E58B /* BackendAuthRepository.swift in Sources */ = {isa = PBXBuildFile; fileRef = 76746ED777A21D33293E4E8B /* BackendAuthRepository.swift */; };
		DD0A7798154E6BA75D61921D /* Pretendard-Regular.otf in Resources */ = {isa = PBXBuildFile; fileRef = 409AB2FD887A798BC23019B8 /* Pretendard-Regular.otf */; };
		E26FA3596AAE47F801BDBD1B /* SystemCoreComponents.swift in Sources */ = {isa = PBXBuildFile; fileRef = 645B303867A2C90F670D05D8 /* SystemCoreComponents.swift */; };
		E634F1BD79074E2587ADAEE1 /* AppModel.swift in Sources */ = {isa = PBXBuildFile; fileRef = C40AA737B5DA8CCADD1B54A0 /* AppModel.swift */; };
		E87CE3A2134B80ECC318B02B /* LucideIcon.swift in Sources */ = {isa = PBXBuildFile; fileRef = 5BF90B387EF3DFD69FE4D71A /* LucideIcon.swift */; };
		E8E428E1AFF9746FA632E68A /* quick-calibration-golden.json in Resources */ = {isa = PBXBuildFile; fileRef = 749620770BB5FE31680339C7 /* quick-calibration-golden.json */; };
		EDFB2D3B3611CE07679581FD /* PalateBloomAvatarTests.swift in Sources */ = {isa = PBXBuildFile; fileRef = 52CC688ADBDDF2B4A3AA01C5 /* PalateBloomAvatarTests.swift */; };
		F71B4799BEBC4247521B7F7A /* MainTabView.swift in Sources */ = {isa = PBXBuildFile; fileRef = 00EB6948450C5679653E3575 /* MainTabView.swift */; };
		F7696C275ABB4E3E355CF4AA /* AppShellView.swift in Sources */ = {isa = PBXBuildFile; fileRef = 4C60FA463A35D18513E71FC7 /* AppShellView.swift */; };
		F7A59A2A67D1F4EDCB5A1A3B /* preference-intake.json in Resources */ = {isa = PBXBuildFile; fileRef = 55300A016465D1ACE12B6790 /* preference-intake.json */; };
		FD45CDC8949D95AF57165FB1 /* BackendIntegrationTests.swift in Sources */ = {isa = PBXBuildFile; fileRef = 056EE252D8671B982A6790CB /* BackendIntegrationTests.swift */; };
/* End PBXBuildFile section */

/* Begin PBXContainerItemProxy section */
		E9D8973F9DCC843C9ED19017 /* PBXContainerItemProxy */ = {
			isa = PBXContainerItemProxy;
			containerPortal = EC1F070A2E0F339B0BCB71B4 /* Project object */;
			proxyType = 1;
			remoteGlobalIDString = BBCEB883B6BC907FEDB3092D;
			remoteInfo = TasteBuddy;
		};
/* End PBXContainerItemProxy section */

/* Begin PBXFileReference section */
		00EB6948450C5679653E3575 /* MainTabView.swift */ = {isa = PBXFileReference; lastKnownFileType = sourcecode.swift; path = MainTabView.swift; sourceTree = "<group>"; };
		0339FA6EB6B2A6442B4E5470 /* TasteContractModels.swift */ = {isa = PBXFileReference; lastKnownFileType = sourcecode.swift; path = TasteContractModels.swift; sourceTree = "<group>"; };
		0407AA73CECE5A105C204BF9 /* AppChromeComponents.swift */ = {isa = PBXFileReference; lastKnownFileType = sourcecode.swift; path = AppChromeComponents.swift; sourceTree = "<group>"; };
		056EE252D8671B982A6790CB /* BackendIntegrationTests.swift */ = {isa = PBXFileReference; lastKnownFileType = sourcecode.swift; path = BackendIntegrationTests.swift; sourceTree = "<group>"; };
		059E477763679895089F8762 /* HomeSearchEngineTests.swift */ = {isa = PBXFileReference; lastKnownFileType = sourcecode.swift; path = HomeSearchEngineTests.swift; sourceTree = "<group>"; };
		06A08F9100C47A8485B6452C /* onboarding_render_1.png */ = {isa = PBXFileReference; lastKnownFileType = image.png; path = onboarding_render_1.png; sourceTree = "<group>"; };
		09D7F3C287A3DE58A76DA8F7 /* Debug.xcconfig */ = {isa = PBXFileReference; lastKnownFileType = text.xcconfig; path = Debug.xcconfig; sourceTree = "<group>"; };
		0C556260CD56CE5508A071FC /* TasteContractGoldenTests.swift */ = {isa = PBXFileReference; lastKnownFileType = sourcecode.swift; path = TasteContractGoldenTests.swift; sourceTree = "<group>"; };
		0C72D55438B5084E29B0C46B /* TasteSurveyScoringEngine.swift */ = {isa = PBXFileReference; lastKnownFileType = sourcecode.swift; path = TasteSurveyScoringEngine.swift; sourceTree = "<group>"; };
		1024AB4876963918ED22259F /* TasteBuddy.app */ = {isa = PBXFileReference; explicitFileType = wrapper.application; includeInIndex = 0; path = TasteBuddy.app; sourceTree = BUILT_PRODUCTS_DIR; };
		165982BAF0AC97708BD16954 /* BackendConfiguration.swift */ = {isa = PBXFileReference; lastKnownFileType = sourcecode.swift; path = BackendConfiguration.swift; sourceTree = "<group>"; };
		1B2E29BFDC69DD0B99E642B2 /* AuthEntryView.swift */ = {isa = PBXFileReference; lastKnownFileType = sourcecode.swift; path = AuthEntryView.swift; sourceTree = "<group>"; };
		1F17A541C38E070519D7B1EB /* LeeEunji.png */ = {isa = PBXFileReference; lastKnownFileType = image.png; path = LeeEunji.png; sourceTree = "<group>"; };
		1F8A5FF1A003F69B12D1D603 /* QuickCalibrationContractEngine.swift */ = {isa = PBXFileReference; lastKnownFileType = sourcecode.swift; path = QuickCalibrationContractEngine.swift; sourceTree = "<group>"; };
		25278C28794B0DA6AB0C0936 /* RestaurantModels.swift */ = {isa = PBXFileReference; lastKnownFileType = sourcecode.swift; path = RestaurantModels.swift; sourceTree = "<group>"; };
		271CCB49234022B594B97B87 /* AnalysisView.swift */ = {isa = PBXFileReference; lastKnownFileType = sourcecode.swift; path = AnalysisView.swift; sourceTree = "<group>"; };
		299CBB172BB9DD7A45AC8152 /* PreferenceIntakeFlowView.swift */ = {isa = PBXFileReference; lastKnownFileType = sourcecode.swift; path = PreferenceIntakeFlowView.swift; sourceTree = "<group>"; };
		2F28594BB23EE55B51DC6607 /* Pretendard-Bold.otf */ = {isa = PBXFileReference; lastKnownFileType = file; path = "Pretendard-Bold.otf"; sourceTree = "<group>"; };
		30D1FB364B0F37004EAA8AF3 /* TasteBuddyTests.xctest */ = {isa = PBXFileReference; includeInIndex = 0; lastKnownFileType = wrapper.cfbundle; path = TasteBuddyTests.xctest; sourceTree = BUILT_PRODUCTS_DIR; };
		38B55D2D2377C0B51ADA3CEC /* Assets.xcassets */ = {isa = PBXFileReference; lastKnownFileType = folder.assetcatalog; path = Assets.xcassets; sourceTree = "<group>"; };
		405C07DABEF65BE54901E1AE /* dining-feedback-scenario.json */ = {isa = PBXFileReference; lastKnownFileType = text.json; path = "dining-feedback-scenario.json"; sourceTree = "<group>"; };
		409AB2FD887A798BC23019B8 /* Pretendard-Regular.otf */ = {isa = PBXFileReference; lastKnownFileType = file; path = "Pretendard-Regular.otf"; sourceTree = "<group>"; };
		43385E4A64879AB4C5AC32A4 /* Pretendard-SemiBold.otf */ = {isa = PBXFileReference; lastKnownFileType = file; path = "Pretendard-SemiBold.otf"; sourceTree = "<group>"; };
		48874CE71BD30EF3CA90A482 /* RestaurantDetailRouteView.swift */ = {isa = PBXFileReference; lastKnownFileType = sourcecode.swift; path = RestaurantDetailRouteView.swift; sourceTree = "<group>"; };
		4A227DA0878C66E3D037888F /* CalibrationFlowView.swift */ = {isa = PBXFileReference; lastKnownFileType = sourcecode.swift; path = CalibrationFlowView.swift; sourceTree = "<group>"; };
		4C60FA463A35D18513E71FC7 /* AppShellView.swift */ = {isa = PBXFileReference; lastKnownFileType = sourcecode.swift; path = AppShellView.swift; sourceTree = "<group>"; };
		52CC688ADBDDF2B4A3AA01C5 /* PalateBloomAvatarTests.swift */ = {isa = PBXFileReference; lastKnownFileType = sourcecode.swift; path = PalateBloomAvatarTests.swift; sourceTree = "<group>"; };
		55300A016465D1ACE12B6790 /* preference-intake.json */ = {isa = PBXFileReference; lastKnownFileType = text.json; path = "preference-intake.json"; sourceTree = "<group>"; };
		5BF90B387EF3DFD69FE4D71A /* LucideIcon.swift */ = {isa = PBXFileReference; lastKnownFileType = sourcecode.swift; path = LucideIcon.swift; sourceTree = "<group>"; };
		5C49F8752DF2008673767AA7 /* AppRouteDestinations.swift */ = {isa = PBXFileReference; lastKnownFileType = sourcecode.swift; path = AppRouteDestinations.swift; sourceTree = "<group>"; };
		5FAE22F295FDD372876B0F73 /* ProfileResultView.swift */ = {isa = PBXFileReference; lastKnownFileType = sourcecode.swift; path = ProfileResultView.swift; sourceTree = "<group>"; };
		6032BAAF406EBAB87F2B9A9B /* SystemParityComponents.swift */ = {isa = PBXFileReference; lastKnownFileType = sourcecode.swift; path = SystemParityComponents.swift; sourceTree = "<group>"; };
		614E1C2DDC73936841A8FD89 /* TasteRadarView.swift */ = {isa = PBXFileReference; lastKnownFileType = sourcecode.swift; path = TasteRadarView.swift; sourceTree = "<group>"; };
		645B303867A2C90F670D05D8 /* SystemCoreComponents.swift */ = {isa = PBXFileReference; lastKnownFileType = sourcecode.swift; path = SystemCoreComponents.swift; sourceTree = "<group>"; };
		654CDCCC5C3501C44A663769 /* onboarding_render_2.png */ = {isa = PBXFileReference; lastKnownFileType = image.png; path = onboarding_render_2.png; sourceTree = "<group>"; };
		66EA9D5752E6785C160448D5 /* TasteSurveyContractModels.swift */ = {isa = PBXFileReference; lastKnownFileType = sourcecode.swift; path = TasteSurveyContractModels.swift; sourceTree = "<group>"; };
		6968C567D3992E322FDB98E7 /* SessionController.swift */ = {isa = PBXFileReference; lastKnownFileType = sourcecode.swift; path = SessionController.swift; sourceTree = "<group>"; };
		6CBB51EEE7F364B4D8D44DA5 /* onboarding_render_3.png */ = {isa = PBXFileReference; lastKnownFileType = image.png; path = onboarding_render_3.png; sourceTree = "<group>"; };
		707A0EA80C859E46424A512E /* PreferenceIntakeContractEngine.swift */ = {isa = PBXFileReference; lastKnownFileType = sourcecode.swift; path = PreferenceIntakeContractEngine.swift; sourceTree = "<group>"; };
		749620770BB5FE31680339C7 /* quick-calibration-golden.json */ = {isa = PBXFileReference; lastKnownFileType = text.json; path = "quick-calibration-golden.json"; sourceTree = "<group>"; };
		76746ED777A21D33293E4E8B /* BackendAuthRepository.swift */ = {isa = PBXFileReference; lastKnownFileType = sourcecode.swift; path = BackendAuthRepository.swift; sourceTree = "<group>"; };
		77560528F97BB68A5D6F82CF /* AppNavigation.swift */ = {isa = PBXFileReference; lastKnownFileType = sourcecode.swift; path = AppNavigation.swift; sourceTree = "<group>"; };
		815E7C1932791B7E998DF0B5 /* TBComponents.swift */ = {isa = PBXFileReference; lastKnownFileType = sourcecode.swift; path = TBComponents.swift; sourceTree = "<group>"; };
		87BAC2F716755DB861406A0C /* HomeSearchModels.swift */ = {isa = PBXFileReference; lastKnownFileType = sourcecode.swift; path = HomeSearchModels.swift; sourceTree = "<group>"; };
		8993F541A9EF7D9AACCA1683 /* PalateBloomAvatar.swift */ = {isa = PBXFileReference; lastKnownFileType = sourcecode.swift; path = PalateBloomAvatar.swift; sourceTree = "<group>"; };
		89A4CFFAF2EF946A120BA2CB /* LimJeongsik.png */ = {isa = PBXFileReference; lastKnownFileType = image.png; path = LimJeongsik.png; sourceTree = "<group>"; };
		8A0FBED26DED064093056026 /* AppPhaseTests.swift */ = {isa = PBXFileReference; lastKnownFileType = sourcecode.swift; path = AppPhaseTests.swift; sourceTree = "<group>"; };
		8A933DCD5B7447867EC1BBCD /* CalibrationEngineTests.swift */ = {isa = PBXFileReference; lastKnownFileType = sourcecode.swift; path = CalibrationEngineTests.swift; sourceTree = "<group>"; };
		8DCCD25AE6830EEF9D5BFA01 /* SystemParityComponentTests.swift */ = {isa = PBXFileReference; lastKnownFileType = sourcecode.swift; path = SystemParityComponentTests.swift; sourceTree = "<group>"; };
		95F0E48B03AFDD3724522B0E /* ProfileView.swift */ = {isa = PBXFileReference; lastKnownFileType = sourcecode.swift; path = ProfileView.swift; sourceTree = "<group>"; };
		972940A3F99C394276DDD024 /* RestaurantPlaceAPIClient.swift */ = {isa = PBXFileReference; lastKnownFileType = sourcecode.swift; path = RestaurantPlaceAPIClient.swift; sourceTree = "<group>"; };
		99789CE7034024596EB1F4A0 /* tba-dining-analysis-golden.json */ = {isa = PBXFileReference; lastKnownFileType = text.json; path = "tba-dining-analysis-golden.json"; sourceTree = "<group>"; };
		9A5335B548DC231587577531 /* CalibrationModels.swift */ = {isa = PBXFileReference; lastKnownFileType = sourcecode.swift; path = CalibrationModels.swift; sourceTree = "<group>"; };
		9AFA9B3031BA22AEF4F9A30B /* TasteBuddyAgentContractModels.swift */ = {isa = PBXFileReference; lastKnownFileType = sourcecode.swift; path = TasteBuddyAgentContractModels.swift; sourceTree = "<group>"; };
		AF3F689A6462A9519F1CEDCD /* TasteBuddyApp.swift */ = {isa = PBXFileReference; lastKnownFileType = sourcecode.swift; path = TasteBuddyApp.swift; sourceTree = "<group>"; };
		AF87310122F81A81CA8C0086 /* DiningView.swift */ = {isa = PBXFileReference; lastKnownFileType = sourcecode.swift; path = DiningView.swift; sourceTree = "<group>"; };
		AFC2F781CE354A21BE7530A9 /* Release.xcconfig */ = {isa = PBXFileReference; lastKnownFileType = text.xcconfig; path = Release.xcconfig; sourceTree = "<group>"; };
		B217BDC0E560B5AF9EBDAFB2 /* TBTheme.swift */ = {isa = PBXFileReference; lastKnownFileType = sourcecode.swift; path = TBTheme.swift; sourceTree = "<group>"; };
		B793BA91CC35971A14D971DF /* DesignSystemFullComponents.swift */ = {isa = PBXFileReference; lastKnownFileType = sourcecode.swift; path = DesignSystemFullComponents.swift; sourceTree = "<group>"; };
		B917845974FD8A8819709546 /* Pretendard-Medium.otf */ = {isa = PBXFileReference; lastKnownFileType = file; path = "Pretendard-Medium.otf"; sourceTree = "<group>"; };
		C2D153EDACAD1EB569EBFE8D /* taste-survey-golden.json */ = {isa = PBXFileReference; lastKnownFileType = text.json; path = "taste-survey-golden.json"; sourceTree = "<group>"; };
		C3ABC5F38F90B9F4EB9AB1FC /* KangMingoo.png */ = {isa = PBXFileReference; lastKnownFileType = image.png; path = KangMingoo.png; sourceTree = "<group>"; };
		C40AA737B5DA8CCADD1B54A0 /* AppModel.swift */ = {isa = PBXFileReference; lastKnownFileType = sourcecode.swift; path = AppModel.swift; sourceTree = "<group>"; };
		C5466F7BB5FB8298DA0CC990 /* RestaurantDetailModels.swift */ = {isa = PBXFileReference; lastKnownFileType = sourcecode.swift; path = RestaurantDetailModels.swift; sourceTree = "<group>"; };
		C6276760A70198EEE1BB03BD /* AppPhase.swift */ = {isa = PBXFileReference; lastKnownFileType = sourcecode.swift; path = AppPhase.swift; sourceTree = "<group>"; };
		C8236E5FF5BF53E69783272E /* PreferenceIntakeContractModels.swift */ = {isa = PBXFileReference; lastKnownFileType = sourcecode.swift; path = PreferenceIntakeContractModels.swift; sourceTree = "<group>"; };
		CF9AF7FC3DD3169225CEB166 /* OnboardingView.swift */ = {isa = PBXFileReference; lastKnownFileType = sourcecode.swift; path = OnboardingView.swift; sourceTree = "<group>"; };
		D4ECA5CE1DD2A7B8EB34549F /* SupabaseClientProvider.swift */ = {isa = PBXFileReference; lastKnownFileType = sourcecode.swift; path = SupabaseClientProvider.swift; sourceTree = "<group>"; };
		DED8C2836CDC2913C4922B87 /* DiningFeedbackContractModels.swift */ = {isa = PBXFileReference; lastKnownFileType = sourcecode.swift; path = DiningFeedbackContractModels.swift; sourceTree = "<group>"; };
		DF07C4BA880F9227790D2407 /* AppModelPersistenceTests.swift */ = {isa = PBXFileReference; lastKnownFileType = sourcecode.swift; path = AppModelPersistenceTests.swift; sourceTree = "<group>"; };
		E5EE872EC659816958E80D2E /* TasteBuddyAgentEngine.swift */ = {isa = PBXFileReference; lastKnownFileType = sourcecode.swift; path = TasteBuddyAgentEngine.swift; sourceTree = "<group>"; };
		E7D14867A4F140B27A230794 /* SplashView.swift */ = {isa = PBXFileReference; lastKnownFileType = sourcecode.swift; path = SplashView.swift; sourceTree = "<group>"; };
		E842696EAA914DDC7B8BC6DB /* onboarding_render_4.png */ = {isa = PBXFileReference; lastKnownFileType = image.png; path = onboarding_render_4.png; sourceTree = "<group>"; };
		E99F21B8A110BF569AFC66B3 /* SearchSystemComponents.swift */ = {isa = PBXFileReference; lastKnownFileType = sourcecode.swift; path = SearchSystemComponents.swift; sourceTree = "<group>"; };
		EC60E87FE0A09550F80114AE /* HomeView.swift */ = {isa = PBXFileReference; lastKnownFileType = sourcecode.swift; path = HomeView.swift; sourceTree = "<group>"; };
		ED80C57ADB1168D4C45BE60C /* TasteModels.swift */ = {isa = PBXFileReference; lastKnownFileType = sourcecode.swift; path = TasteModels.swift; sourceTree = "<group>"; };
		EF66F7EEEA4B499D9BB55CAA /* TBDesignFoundationTokens.swift */ = {isa = PBXFileReference; lastKnownFileType = sourcecode.swift; path = TBDesignFoundationTokens.swift; sourceTree = "<group>"; };
		F91C9D342A693D1E2578CCB9 /* OnjiumChefs.png */ = {isa = PBXFileReference; lastKnownFileType = image.png; path = OnjiumChefs.png; sourceTree = "<group>"; };
		F9BDC6A9C0B316BB4107C906 /* TBDesignColorTokens.swift */ = {isa = PBXFileReference; lastKnownFileType = sourcecode.swift; path = TBDesignColorTokens.swift; sourceTree = "<group>"; };
		FCB74E266F2F1EF4B4F2EBCB /* DesignSystemPreviewView.swift */ = {isa = PBXFileReference; lastKnownFileType = sourcecode.swift; path = DesignSystemPreviewView.swift; sourceTree = "<group>"; };
/* End PBXFileReference section */

/* Begin PBXFrameworksBuildPhase section */
		4E72B7E571E63EA52362BD5E /* Frameworks */ = {
			isa = PBXFrameworksBuildPhase;
			buildActionMask = 2147483647;
			files = (
				637D0F032CDC71018082FEED /* Supabase in Frameworks */,
			);
			runOnlyForDeploymentPostprocessing = 0;
		};
/* End PBXFrameworksBuildPhase section */

/* Begin PBXGroup section */
		036F696ACF705BA654211E46 /* Features */ = {
			isa = PBXGroup;
			children = (
				38BDECDCD761BB3867D61D62 /* Analysis */,
				661379F8F00E2B988D140D1B /* Auth */,
				9702624F715A4D6D1A723F35 /* Calibration */,
				CD30DD883F6D2FBC5F6AA7BF /* DesignSystem */,
				C2EB7BC87D12732F7774B13B /* Dining */,
				93973E66A1A41B9A90C04F89 /* Home */,
				7547A54B4F7265E8A6763598 /* Intake */,
				5A869E108586397207FF77B0 /* Launch */,
				A1AF72AF66806BE46674FBAF /* Main */,
				5A4EFF05D87078BCA85B9D29 /* Onboarding */,
				ED716891820F4FEE1DEB93F3 /* Profile */,
				BDFA37E626D5A7FE2C169609 /* Restaurant */,
			);
			path = Features;
			sourceTree = "<group>";
		};
		0797B269F634BF66F3956B76 /* Places */ = {
			isa = PBXGroup;
			children = (
				972940A3F99C394276DDD024 /* RestaurantPlaceAPIClient.swift */,
			);
			path = Places;
			sourceTree = "<group>";
		};
		17366A767EF29BE443119294 /* TasteBuddyTests */ = {
			isa = PBXGroup;
			children = (
				DF07C4BA880F9227790D2407 /* AppModelPersistenceTests.swift */,
				8A0FBED26DED064093056026 /* AppPhaseTests.swift */,
				056EE252D8671B982A6790CB /* BackendIntegrationTests.swift */,
				8A933DCD5B7447867EC1BBCD /* CalibrationEngineTests.swift */,
				059E477763679895089F8762 /* HomeSearchEngineTests.swift */,
				52CC688ADBDDF2B4A3AA01C5 /* PalateBloomAvatarTests.swift */,
				8DCCD25AE6830EEF9D5BFA01 /* SystemParityComponentTests.swift */,
				0C556260CD56CE5508A071FC /* TasteContractGoldenTests.swift */,
			);
			path = TasteBuddyTests;
			sourceTree = "<group>";
		};
		1D5CFE448016023E2FCF9E7F /* Components */ = {
			isa = PBXGroup;
			children = (
				B793BA91CC35971A14D971DF /* DesignSystemFullComponents.swift */,
				5BF90B387EF3DFD69FE4D71A /* LucideIcon.swift */,
				8993F541A9EF7D9AACCA1683 /* PalateBloomAvatar.swift */,
				E99F21B8A110BF569AFC66B3 /* SearchSystemComponents.swift */,
				645B303867A2C90F670D05D8 /* SystemCoreComponents.swift */,
				6032BAAF406EBAB87F2B9A9B /* SystemParityComponents.swift */,
				614E1C2DDC73936841A8FD89 /* TasteRadarView.swift */,
				815E7C1932791B7E998DF0B5 /* TBComponents.swift */,
				367891DCCFAB0DE9D6D9583F /* Shell */,
			);
			path = Components;
			sourceTree = "<group>";
		};
		23392A27E2EE03BC34F7E641 /* Data */ = {
			isa = PBXGroup;
			children = (
				32F33E7DAB5F176CB167C543 /* Backend */,
				0797B269F634BF66F3956B76 /* Places */,
			);
			path = Data;
			sourceTree = "<group>";
		};
		32F33E7DAB5F176CB167C543 /* Backend */ = {
			isa = PBXGroup;
			children = (
				76746ED777A21D33293E4E8B /* BackendAuthRepository.swift */,
				165982BAF0AC97708BD16954 /* BackendConfiguration.swift */,
				6968C567D3992E322FDB98E7 /* SessionController.swift */,
				D4ECA5CE1DD2A7B8EB34549F /* SupabaseClientProvider.swift */,
			);
			path = Backend;
			sourceTree = "<group>";
		};
		361AB4051DB13492785E4B29 /* Config */ = {
			isa = PBXGroup;
			children = (
				09D7F3C287A3DE58A76DA8F7 /* Debug.xcconfig */,
				AFC2F781CE354A21BE7530A9 /* Release.xcconfig */,
			);
			path = Config;
			sourceTree = "<group>";
		};
		367891DCCFAB0DE9D6D9583F /* Shell */ = {
			isa = PBXGroup;
			children = (
				0407AA73CECE5A105C204BF9 /* AppChromeComponents.swift */,
				5C49F8752DF2008673767AA7 /* AppRouteDestinations.swift */,
				4C60FA463A35D18513E71FC7 /* AppShellView.swift */,
			);
			path = Shell;
			sourceTree = "<group>";
		};
		38BDECDCD761BB3867D61D62 /* Analysis */ = {
			isa = PBXGroup;
			children = (
				271CCB49234022B594B97B87 /* AnalysisView.swift */,
			);
			path = Analysis;
			sourceTree = "<group>";
		};
		4BC3780FF461BF361C8155CD /* Images */ = {
			isa = PBXGroup;
			children = (
				C3ABC5F38F90B9F4EB9AB1FC /* KangMingoo.png */,
				1F17A541C38E070519D7B1EB /* LeeEunji.png */,
				89A4CFFAF2EF946A120BA2CB /* LimJeongsik.png */,
				06A08F9100C47A8485B6452C /* onboarding_render_1.png */,
				654CDCCC5C3501C44A663769 /* onboarding_render_2.png */,
				6CBB51EEE7F364B4D8D44DA5 /* onboarding_render_3.png */,
				E842696EAA914DDC7B8BC6DB /* onboarding_render_4.png */,
				F91C9D342A693D1E2578CCB9 /* OnjiumChefs.png */,
			);
			path = Images;
			sourceTree = "<group>";
		};
		55C8A9753DFC02945ED0DB57 /* Models */ = {
			isa = PBXGroup;
			children = (
				9A5335B548DC231587577531 /* CalibrationModels.swift */,
				C5466F7BB5FB8298DA0CC990 /* RestaurantDetailModels.swift */,
				25278C28794B0DA6AB0C0936 /* RestaurantModels.swift */,
				ED80C57ADB1168D4C45BE60C /* TasteModels.swift */,
			);
			path = Models;
			sourceTree = "<group>";
		};
		5A4EFF05D87078BCA85B9D29 /* Onboarding */ = {
			isa = PBXGroup;
			children = (
				CF9AF7FC3DD3169225CEB166 /* OnboardingView.swift */,
			);
			path = Onboarding;
			sourceTree = "<group>";
		};
		5A869E108586397207FF77B0 /* Launch */ = {
			isa = PBXGroup;
			children = (
				E7D14867A4F140B27A230794 /* SplashView.swift */,
			);
			path = Launch;
			sourceTree = "<group>";
		};
		661379F8F00E2B988D140D1B /* Auth */ = {
			isa = PBXGroup;
			children = (
				1B2E29BFDC69DD0B99E642B2 /* AuthEntryView.swift */,
			);
			path = Auth;
			sourceTree = "<group>";
		};
		6CFD8120B1A95EEA6798459D /* UseCases */ = {
			isa = PBXGroup;
			children = (
				707A0EA80C859E46424A512E /* PreferenceIntakeContractEngine.swift */,
				1F8A5FF1A003F69B12D1D603 /* QuickCalibrationContractEngine.swift */,
				E5EE872EC659816958E80D2E /* TasteBuddyAgentEngine.swift */,
				0C72D55438B5084E29B0C46B /* TasteSurveyScoringEngine.swift */,
			);
			path = UseCases;
			sourceTree = "<group>";
		};
		7547A54B4F7265E8A6763598 /* Intake */ = {
			isa = PBXGroup;
			children = (
				299CBB172BB9DD7A45AC8152 /* PreferenceIntakeFlowView.swift */,
			);
			path = Intake;
			sourceTree = "<group>";
		};
		8AD47800F761A443B98C3175 /* Products */ = {
			isa = PBXGroup;
			children = (
				1024AB4876963918ED22259F /* TasteBuddy.app */,
				30D1FB364B0F37004EAA8AF3 /* TasteBuddyTests.xctest */,
			);
			name = Products;
			sourceTree = "<group>";
		};
		93973E66A1A41B9A90C04F89 /* Home */ = {
			isa = PBXGroup;
			children = (
				87BAC2F716755DB861406A0C /* HomeSearchModels.swift */,
				EC60E87FE0A09550F80114AE /* HomeView.swift */,
			);
			path = Home;
			sourceTree = "<group>";
		};
		9702624F715A4D6D1A723F35 /* Calibration */ = {
			isa = PBXGroup;
			children = (
				4A227DA0878C66E3D037888F /* CalibrationFlowView.swift */,
			);
			path = Calibration;
			sourceTree = "<group>";
		};
		A1AF72AF66806BE46674FBAF /* Main */ = {
			isa = PBXGroup;
			children = (
				00EB6948450C5679653E3575 /* MainTabView.swift */,
			);
			path = Main;
			sourceTree = "<group>";
		};
		AAF7EA9FC90AFC9C6D9BD731 /* App */ = {
			isa = PBXGroup;
			children = (
				C40AA737B5DA8CCADD1B54A0 /* AppModel.swift */,
				77560528F97BB68A5D6F82CF /* AppNavigation.swift */,
				C6276760A70198EEE1BB03BD /* AppPhase.swift */,
				AF3F689A6462A9519F1CEDCD /* TasteBuddyApp.swift */,
			);
			path = App;
			sourceTree = "<group>";
		};
		AE785B099C7983ED27CDE153 /* Models */ = {
			isa = PBXGroup;
			children = (
				DED8C2836CDC2913C4922B87 /* DiningFeedbackContractModels.swift */,
				C8236E5FF5BF53E69783272E /* PreferenceIntakeContractModels.swift */,
				9AFA9B3031BA22AEF4F9A30B /* TasteBuddyAgentContractModels.swift */,
				0339FA6EB6B2A6442B4E5470 /* TasteContractModels.swift */,
				66EA9D5752E6785C160448D5 /* TasteSurveyContractModels.swift */,
			);
			path = Models;
			sourceTree = "<group>";
		};
		BB5D4E53232C4C4C8AE5F131 /* Resources */ = {
			isa = PBXGroup;
			children = (
				38B55D2D2377C0B51ADA3CEC /* Assets.xcassets */,
				2F28594BB23EE55B51DC6607 /* Pretendard-Bold.otf */,
				B917845974FD8A8819709546 /* Pretendard-Medium.otf */,
				409AB2FD887A798BC23019B8 /* Pretendard-Regular.otf */,
				43385E4A64879AB4C5AC32A4 /* Pretendard-SemiBold.otf */,
				C36E1ED7A309F7798C9F551D /* Fixtures */,
				4BC3780FF461BF361C8155CD /* Images */,
			);
			path = Resources;
			sourceTree = "<group>";
		};
		BDFA37E626D5A7FE2C169609 /* Restaurant */ = {
			isa = PBXGroup;
			children = (
				48874CE71BD30EF3CA90A482 /* RestaurantDetailRouteView.swift */,
			);
			path = Restaurant;
			sourceTree = "<group>";
		};
		C2EB7BC87D12732F7774B13B /* Dining */ = {
			isa = PBXGroup;
			children = (
				AF87310122F81A81CA8C0086 /* DiningView.swift */,
			);
			path = Dining;
			sourceTree = "<group>";
		};
		C36E1ED7A309F7798C9F551D /* Fixtures */ = {
			isa = PBXGroup;
			children = (
				405C07DABEF65BE54901E1AE /* dining-feedback-scenario.json */,
				55300A016465D1ACE12B6790 /* preference-intake.json */,
				749620770BB5FE31680339C7 /* quick-calibration-golden.json */,
				C2D153EDACAD1EB569EBFE8D /* taste-survey-golden.json */,
				99789CE7034024596EB1F4A0 /* tba-dining-analysis-golden.json */,
			);
			path = Fixtures;
			sourceTree = "<group>";
		};
		CD30DD883F6D2FBC5F6AA7BF /* DesignSystem */ = {
			isa = PBXGroup;
			children = (
				FCB74E266F2F1EF4B4F2EBCB /* DesignSystemPreviewView.swift */,
			);
			path = DesignSystem;
			sourceTree = "<group>";
		};
		E06F6A112B251D9A176C84BE /* TasteBuddy */ = {
			isa = PBXGroup;
			children = (
				AAF7EA9FC90AFC9C6D9BD731 /* App */,
				1D5CFE448016023E2FCF9E7F /* Components */,
				23392A27E2EE03BC34F7E641 /* Data */,
				E3A5B43E1BCE6CC65FE7CE56 /* DesignSystem */,
				E6B74921DA140392164240DF /* Domain */,
				036F696ACF705BA654211E46 /* Features */,
				55C8A9753DFC02945ED0DB57 /* Models */,
				BB5D4E53232C4C4C8AE5F131 /* Resources */,
			);
			path = TasteBuddy;
			sourceTree = "<group>";
		};
		E37EE6A5225480B3CE74C1DA = {
			isa = PBXGroup;
			children = (
				361AB4051DB13492785E4B29 /* Config */,
				E06F6A112B251D9A176C84BE /* TasteBuddy */,
				17366A767EF29BE443119294 /* TasteBuddyTests */,
				8AD47800F761A443B98C3175 /* Products */,
			);
			sourceTree = "<group>";
		};
		E3A5B43E1BCE6CC65FE7CE56 /* DesignSystem */ = {
			isa = PBXGroup;
			children = (
				F9BDC6A9C0B316BB4107C906 /* TBDesignColorTokens.swift */,
				EF66F7EEEA4B499D9BB55CAA /* TBDesignFoundationTokens.swift */,
				B217BDC0E560B5AF9EBDAFB2 /* TBTheme.swift */,
			);
			path = DesignSystem;
			sourceTree = "<group>";
		};
		E6B74921DA140392164240DF /* Domain */ = {
			isa = PBXGroup;
			children = (
				AE785B099C7983ED27CDE153 /* Models */,
				6CFD8120B1A95EEA6798459D /* UseCases */,
			);
			path = Domain;
			sourceTree = "<group>";
		};
		ED716891820F4FEE1DEB93F3 /* Profile */ = {
			isa = PBXGroup;
			children = (
				5FAE22F295FDD372876B0F73 /* ProfileResultView.swift */,
				95F0E48B03AFDD3724522B0E /* ProfileView.swift */,
			);
			path = Profile;
			sourceTree = "<group>";
		};
/* End PBXGroup section */

/* Begin PBXNativeTarget section */
		472360921413666F023C03F1 /* TasteBuddyTests */ = {
			isa = PBXNativeTarget;
			buildConfigurationList = 8A88490EBC78E77775386E14 /* Build configuration list for PBXNativeTarget "TasteBuddyTests" */;
			buildPhases = (
				2C081A0289A7E33E4E0743C5 /* Sources */,
			);
			buildRules = (
			);
			dependencies = (
				16F6BA53B54014871A815C86 /* PBXTargetDependency */,
			);
			name = TasteBuddyTests;
			packageProductDependencies = (
			);
			productName = TasteBuddyTests;
			productReference = 30D1FB364B0F37004EAA8AF3 /* TasteBuddyTests.xctest */;
			productType = "com.apple.product-type.bundle.unit-test";
		};
		BBCEB883B6BC907FEDB3092D /* TasteBuddy */ = {
			isa = PBXNativeTarget;
			buildConfigurationList = B2DFF57AFF2889B3BB02B1E8 /* Build configuration list for PBXNativeTarget "TasteBuddy" */;
			buildPhases = (
				B48FFDBBE13972D141AC26D2 /* Sources */,
				32669A54442D933AE39A9189 /* Resources */,
				4E72B7E571E63EA52362BD5E /* Frameworks */,
			);
			buildRules = (
			);
			dependencies = (
			);
			name = TasteBuddy;
			packageProductDependencies = (
				1E9D96C68259017AB583399E /* Supabase */,
			);
			productName = TasteBuddy;
			productReference = 1024AB4876963918ED22259F /* TasteBuddy.app */;
			productType = "com.apple.product-type.application";
		};
/* End PBXNativeTarget section */

/* Begin PBXProject section */
		EC1F070A2E0F339B0BCB71B4 /* Project object */ = {
			isa = PBXProject;
			attributes = {
				BuildIndependentTargetsInParallel = YES;
				LastUpgradeCheck = 1600;
				TargetAttributes = {
					BBCEB883B6BC907FEDB3092D = {
						ProvisioningStyle = Automatic;
					};
				};
			};
			buildConfigurationList = 263C91C5C1E8339B77F435D3 /* Build configuration list for PBXProject "TasteBuddy" */;
			developmentRegion = en;
			hasScannedForEncodings = 0;
			knownRegions = (
				Base,
				en,
			);
			mainGroup = E37EE6A5225480B3CE74C1DA;
			minimizedProjectReferenceProxies = 1;
			packageReferences = (
				E6CF4A6AC39683D65BC68077 /* XCRemoteSwiftPackageReference "supabase-swift" */,
			);
			preferredProjectObjectVersion = 77;
			productRefGroup = 8AD47800F761A443B98C3175 /* Products */;
			projectDirPath = "";
			projectRoot = "";
			targets = (
				BBCEB883B6BC907FEDB3092D /* TasteBuddy */,
				472360921413666F023C03F1 /* TasteBuddyTests */,
			);
		};
/* End PBXProject section */

/* Begin PBXResourcesBuildPhase section */
		32669A54442D933AE39A9189 /* Resources */ = {
			isa = PBXResourcesBuildPhase;
			buildActionMask = 2147483647;
			files = (
				7A10726E1185FFA43409A1D2 /* Assets.xcassets in Resources */,
				5BA77DBAD3A7314A7FE00FF9 /* KangMingoo.png in Resources */,
				94AAFE6D216DC156ADEA7BEB /* LeeEunji.png in Resources */,
				CAB81B90E3C274F5C4494679 /* LimJeongsik.png in Resources */,
				AE8BA02385DA0E6483AABC50 /* OnjiumChefs.png in Resources */,
				40B36F22023B1ACDED1EEAB3 /* Pretendard-Bold.otf in Resources */,
				873B3E313138DE977CF17921 /* Pretendard-Medium.otf in Resources */,
				DD0A7798154E6BA75D61921D /* Pretendard-Regular.otf in Resources */,
				9B00DB148C0243E19AE1E344 /* Pretendard-SemiBold.otf in Resources */,
				7240E69AE0EF0CF787576ECC /* dining-feedback-scenario.json in Resources */,
				A3E2261F52A444DB3D766774 /* onboarding_render_1.png in Resources */,
				596161A732A42DC48A6B442F /* onboarding_render_2.png in Resources */,
				19CF246C391C193EE3E24274 /* onboarding_render_3.png in Resources */,
				86C22CACB6C573283443CD82 /* onboarding_render_4.png in Resources */,
				F7A59A2A67D1F4EDCB5A1A3B /* preference-intake.json in Resources */,
				E8E428E1AFF9746FA632E68A /* quick-calibration-golden.json in Resources */,
				9A9255CECF092C2133139CD7 /* taste-survey-golden.json in Resources */,
				C093AFC5A76C132619442CE0 /* tba-dining-analysis-golden.json in Resources */,
			);
			runOnlyForDeploymentPostprocessing = 0;
		};
/* End PBXResourcesBuildPhase section */

/* Begin PBXSourcesBuildPhase section */
		2C081A0289A7E33E4E0743C5 /* Sources */ = {
			isa = PBXSourcesBuildPhase;
			buildActionMask = 2147483647;
			files = (
				A92A5F54ADF10DB4D7735EDD /* AppModelPersistenceTests.swift in Sources */,
				A1AC68D37953C061240C6525 /* AppPhaseTests.swift in Sources */,
				FD45CDC8949D95AF57165FB1 /* BackendIntegrationTests.swift in Sources */,
				86D40577E2255928F7E934C3 /* CalibrationEngineTests.swift in Sources */,
				C4BB16E19A004BE6A99AC0D8 /* HomeSearchEngineTests.swift in Sources */,
				EDFB2D3B3611CE07679581FD /* PalateBloomAvatarTests.swift in Sources */,
				2596DF0EA089B585C5879748 /* SystemParityComponentTests.swift in Sources */,
				144872B135E3BED0A7212EFE /* TasteContractGoldenTests.swift in Sources */,
			);
			runOnlyForDeploymentPostprocessing = 0;
		};
		B48FFDBBE13972D141AC26D2 /* Sources */ = {
			isa = PBXSourcesBuildPhase;
			buildActionMask = 2147483647;
			files = (
				31D801BC68376702C8A1F979 /* AnalysisView.swift in Sources */,
				473CC960FE9C80516C16B602 /* AppChromeComponents.swift in Sources */,
				E634F1BD79074E2587ADAEE1 /* AppModel.swift in Sources */,
				7D398BB90E03DEBE96279A8F /* AppNavigation.swift in Sources */,
				5FC55B0228A53D8F46FC67A3 /* AppPhase.swift in Sources */,
				C4D3BBC2CF1813E74C0851CB /* AppRouteDestinations.swift in Sources */,
				F7696C275ABB4E3E355CF4AA /* AppShellView.swift in Sources */,
				525EF5BE1D7CABA384470F27 /* AuthEntryView.swift in Sources */,
				DBF63C5F85EE49A2EDA9E58B /* BackendAuthRepository.swift in Sources */,
				0D37088E45B49265366FADC6 /* BackendConfiguration.swift in Sources */,
				6F480C9447E25816E7A98C0F /* CalibrationFlowView.swift in Sources */,
				BC98F8A0E77338CFD362D5C8 /* CalibrationModels.swift in Sources */,
				DB47B81A5179724DC9A8D167 /* DesignSystemFullComponents.swift in Sources */,
				88E529E7C333E85C112DB960 /* DesignSystemPreviewView.swift in Sources */,
				AA67D50AA1E4B8DDC138140D /* DiningFeedbackContractModels.swift in Sources */,
				9F87A513CC4426C16694CD03 /* DiningView.swift in Sources */,
				C356919D2D6B81A41D976366 /* HomeSearchModels.swift in Sources */,
				0FB2C57CD4C3023CF6AD0AED /* HomeView.swift in Sources */,
				E87CE3A2134B80ECC318B02B /* LucideIcon.swift in Sources */,
				F71B4799BEBC4247521B7F7A /* MainTabView.swift in Sources */,
				5039170C5BED1A064B064106 /* OnboardingView.swift in Sources */,
				02CD2499DE0F8F28F38EDA24 /* PalateBloomAvatar.swift in Sources */,
				2061C7A32543EDCCF5D80A6F /* PreferenceIntakeContractEngine.swift in Sources */,
				20BF8429AA06525406C3CAB5 /* PreferenceIntakeContractModels.swift in Sources */,
				1EE23A2656F66A172EE974E2 /* PreferenceIntakeFlowView.swift in Sources */,
				2493D0E2453CA3E746896955 /* ProfileResultView.swift in Sources */,
				B6A07C0197ACFA213433BCC0 /* ProfileView.swift in Sources */,
				3B14BD3C99A7F3A5E3DB2D42 /* QuickCalibrationContractEngine.swift in Sources */,
				90A6C8C4B307BD5DCFD7E7C6 /* RestaurantDetailModels.swift in Sources */,
				B9A01DAB15AF31561942CA1E /* RestaurantDetailRouteView.swift in Sources */,
				1096287E849DED5CA20FFD5B /* RestaurantModels.swift in Sources */,
				3353AC80393649E95F37D94A /* RestaurantPlaceAPIClient.swift in Sources */,
				B73261F33E62B86478B476B4 /* SearchSystemComponents.swift in Sources */,
				26CC6DBC5C6868F737D2AEF2 /* SessionController.swift in Sources */,
				6285D92488F760AFB763DE53 /* SplashView.swift in Sources */,
				D33DC30A6498F8D14E533615 /* SupabaseClientProvider.swift in Sources */,
				E26FA3596AAE47F801BDBD1B /* SystemCoreComponents.swift in Sources */,
				685A10211DCFC0B07D685046 /* SystemParityComponents.swift in Sources */,
				7D331DECCAD2ADD44E175514 /* TBComponents.swift in Sources */,
				39FAB6487B1A8F56FBFB989F /* TBDesignColorTokens.swift in Sources */,
				A493D282D5653D2575063FA8 /* TBDesignFoundationTokens.swift in Sources */,
				B4705F9B20C206E6BCF8F358 /* TBTheme.swift in Sources */,
				4FB79DECD540AD816CEF966F /* TasteBuddyAgentContractModels.swift in Sources */,
				BA4051755A6A5EFC0411517E /* TasteBuddyAgentEngine.swift in Sources */,
				7B740B1507F60570047959FB /* TasteBuddyApp.swift in Sources */,
				42A40726B3808027C6EF400C /* TasteContractModels.swift in Sources */,
				3E445BF908C9858D4E332F0E /* TasteModels.swift in Sources */,
				C7952DDA75D93C148F386FA3 /* TasteRadarView.swift in Sources */,
				4B7D46F9F6941CF82B7CD258 /* TasteSurveyContractModels.swift in Sources */,
				4ABD96C465393A6DD28B74C5 /* TasteSurveyScoringEngine.swift in Sources */,
			);
			runOnlyForDeploymentPostprocessing = 0;
		};
/* End PBXSourcesBuildPhase section */

/* Begin PBXTargetDependency section */
		16F6BA53B54014871A815C86 /* PBXTargetDependency */ = {
			isa = PBXTargetDependency;
			target = BBCEB883B6BC907FEDB3092D /* TasteBuddy */;
			targetProxy = E9D8973F9DCC843C9ED19017 /* PBXContainerItemProxy */;
		};
/* End PBXTargetDependency section */

/* Begin XCBuildConfiguration section */
		489E1CDCD5516251A4D65B39 /* Debug */ = {
			isa = XCBuildConfiguration;
			buildSettings = {
				ALWAYS_SEARCH_USER_PATHS = NO;
				CURRENT_PROJECT_VERSION = 1;
				IPHONEOS_DEPLOYMENT_TARGET = 17.0;
				MARKETING_VERSION = 0.1.0;
				SDKROOT = iphoneos;
				SWIFT_VERSION = 5.10;
			};
			name = Debug;
		};
		5A78A649FF36FEAA61025A1C /* Release */ = {
			isa = XCBuildConfiguration;
			baseConfigurationReference = AFC2F781CE354A21BE7530A9 /* Release.xcconfig */;
			buildSettings = {
				ASSETCATALOG_COMPILER_APPICON_NAME = AppIcon;
				ASSETCATALOG_COMPILER_GLOBAL_ACCENT_COLOR_NAME = AccentColor;
				CODE_SIGN_STYLE = Automatic;
				DEFINES_MODULE = YES;
				DEVELOPMENT_TEAM = U7QNRP437U;
				ENABLE_TESTABILITY = YES;
				INFOPLIST_FILE = TasteBuddy/Resources/Info.plist;
				PRODUCT_BUNDLE_IDENTIFIER = com.juneh96.tastebuddy.ios;
				PRODUCT_NAME = TasteBuddy;
				TARGETED_DEVICE_FAMILY = 1;
			};
			name = Release;
		};
		7221188AC1B946C2E484B261 /* Release */ = {
			isa = XCBuildConfiguration;
			buildSettings = {
				BUNDLE_LOADER = "$(TEST_HOST)";
				GENERATE_INFOPLIST_FILE = YES;
				PRODUCT_BUNDLE_IDENTIFIER = com.tastebuddy.ios.tests;
				PRODUCT_NAME = TasteBuddyTests;
				SWIFT_VERSION = 5.10;
				TEST_HOST = "$(BUILT_PRODUCTS_DIR)/TasteBuddy.app/TasteBuddy";
			};
			name = Release;
		};
		B28AEFA28EF89BC73407CEDF /* Release */ = {
			isa = XCBuildConfiguration;
			buildSettings = {
				ALWAYS_SEARCH_USER_PATHS = NO;
				CURRENT_PROJECT_VERSION = 1;
				IPHONEOS_DEPLOYMENT_TARGET = 17.0;
				MARKETING_VERSION = 0.1.0;
				SDKROOT = iphoneos;
				SWIFT_VERSION = 5.10;
			};
			name = Release;
		};
		DA21C4EF7E9187C5C8AC30B4 /* Debug */ = {
			isa = XCBuildConfiguration;
			buildSettings = {
				BUNDLE_LOADER = "$(TEST_HOST)";
				GENERATE_INFOPLIST_FILE = YES;
				PRODUCT_BUNDLE_IDENTIFIER = com.tastebuddy.ios.tests;
				PRODUCT_NAME = TasteBuddyTests;
				SWIFT_VERSION = 5.10;
				TEST_HOST = "$(BUILT_PRODUCTS_DIR)/TasteBuddy.app/TasteBuddy";
			};
			name = Debug;
		};
		FAA8BBE8CE87891383031687 /* Debug */ = {
			isa = XCBuildConfiguration;
			baseConfigurationReference = 09D7F3C287A3DE58A76DA8F7 /* Debug.xcconfig */;
			buildSettings = {
				ASSETCATALOG_COMPILER_APPICON_NAME = AppIcon;
				ASSETCATALOG_COMPILER_GLOBAL_ACCENT_COLOR_NAME = AccentColor;
				CODE_SIGN_STYLE = Automatic;
				DEFINES_MODULE = YES;
				DEVELOPMENT_TEAM = U7QNRP437U;
				ENABLE_TESTABILITY = YES;
				INFOPLIST_FILE = TasteBuddy/Resources/Info.plist;
				PRODUCT_BUNDLE_IDENTIFIER = com.juneh96.tastebuddy.ios;
				PRODUCT_NAME = TasteBuddy;
				TARGETED_DEVICE_FAMILY = 1;
			};
			name = Debug;
		};
/* End XCBuildConfiguration section */

/* Begin XCConfigurationList section */
		263C91C5C1E8339B77F435D3 /* Build configuration list for PBXProject "TasteBuddy" */ = {
			isa = XCConfigurationList;
			buildConfigurations = (
				489E1CDCD5516251A4D65B39 /* Debug */,
				B28AEFA28EF89BC73407CEDF /* Release */,
			);
			defaultConfigurationIsVisible = 0;
			defaultConfigurationName = Debug;
		};
		8A88490EBC78E77775386E14 /* Build configuration list for PBXNativeTarget "TasteBuddyTests" */ = {
			isa = XCConfigurationList;
			buildConfigurations = (
				DA21C4EF7E9187C5C8AC30B4 /* Debug */,
				7221188AC1B946C2E484B261 /* Release */,
			);
			defaultConfigurationIsVisible = 0;
			defaultConfigurationName = Debug;
		};
		B2DFF57AFF2889B3BB02B1E8 /* Build configuration list for PBXNativeTarget "TasteBuddy" */ = {
			isa = XCConfigurationList;
			buildConfigurations = (
				FAA8BBE8CE87891383031687 /* Debug */,
				5A78A649FF36FEAA61025A1C /* Release */,
			);
			defaultConfigurationIsVisible = 0;
			defaultConfigurationName = Debug;
		};
/* End XCConfigurationList section */

/* Begin XCRemoteSwiftPackageReference section */
		E6CF4A6AC39683D65BC68077 /* XCRemoteSwiftPackageReference "supabase-swift" */ = {
			isa = XCRemoteSwiftPackageReference;
			repositoryURL = "https://github.com/supabase/supabase-swift.git";
			requirement = {
				kind = upToNextMajorVersion;
				minimumVersion = 2.46.0;
			};
		};
/* End XCRemoteSwiftPackageReference section */

/* Begin XCSwiftPackageProductDependency section */
		1E9D96C68259017AB583399E /* Supabase */ = {
			isa = XCSwiftPackageProductDependency;
			package = E6CF4A6AC39683D65BC68077 /* XCRemoteSwiftPackageReference "supabase-swift" */;
			productName = Supabase;
		};
/* End XCSwiftPackageProductDependency section */
	};
	rootObject = EC1F070A2E0F339B0BCB71B4 /* Project object */;
}
